
Microsoft Visual Studio Solution File, Format Version 12.00
# Visual Studio 14
VisualStudioVersion = 14.0.24720.0
MinimumVisualStudioVersion = 10.0.40219.1
Project("{2150E333-8FDC-42A3-9474-1A3956D46DE8}") = "src", "src", "{B685D216-F280-4DCF-9569-12443D66EF5E}"
EndProject
Project("{2150E333-8FDC-42A3-9474-1A3956D46DE8}") = "test", "test", "{86DE6877-4953-4CDB-8BB6-D2296F0879A4}"
EndProject
Project("{2150E333-8FDC-42A3-9474-1A3956D46DE8}") = "Solution Items", "Solution Items", "{50373522-6426-42CF-BDED-61BF4336D2CC}"
	ProjectSection(SolutionItems) = preProject
		global.json = global.json
	EndProjectSection
EndProject
Project("{FAE04EC0-301F-11D3-BF4B-00C04F79EFBC}") = "Denormaleezie.Tests", "test\Denormaleezie.Tests\Denormaleezie.Tests.csproj", "{A99E210D-4985-4CDD-A340-3C57C8C57FE0}"
EndProject
Project("{FAE04EC0-301F-11D3-BF4B-00C04F79EFBC}") = "Denormaleezie", "src\Denormaleezie\Denormaleezie.csproj", "{D9ED70E1-92C7-46F1-B533-29992898EB41}"
EndProject
Global
	GlobalSection(SolutionConfigurationPlatforms) = preSolution
		Debug|Any CPU = Debug|Any CPU
		Release|Any CPU = Release|Any CPU
	EndGlobalSection
	GlobalSection(ProjectConfigurationPlatforms) = postSolution
		{A99E210D-4985-4CDD-A340-3C57C8C57FE0}.Debug|Any CPU.ActiveCfg = Debug|Any CPU
		{A99E210D-4985-4CDD-A340-3C57C8C57FE0}.Debug|Any CPU.Build.0 = Debug|Any CPU
		{A99E210D-4985-4CDD-A340-3C57C8C57FE0}.Release|Any CPU.ActiveCfg = Release|Any CPU
		{A99E210D-4985-4CDD-A340-3C57C8C57FE0}.Release|Any CPU.Build.0 = Release|Any CPU
		{D9ED70E1-92C7-46F1-B533-29992898EB41}.Debug|Any CPU.ActiveCfg = Debug|Any CPU
		{D9ED70E1-92C7-46F1-B533-29992898EB41}.Debug|Any CPU.Build.0 = Debug|Any CPU
		{D9ED70E1-92C7-46F1-B533-29992898EB41}.Release|Any CPU.ActiveCfg = Release|Any CPU
		{D9ED70E1-92C7-46F1-B533-29992898EB41}.Release|Any CPU.Build.0 = Release|Any CPU
	EndGlobalSection
	GlobalSection(SolutionProperties) = preSolution
		HideSolutionNode = FALSE
	EndGlobalSection
	GlobalSection(NestedProjects) = preSolution
		{A99E210D-4985-4CDD-A340-3C57C8C57FE0} = {86DE6877-4953-4CDB-8BB6-D2296F0879A4}
		{D9ED70E1-92C7-46F1-B533-29992898EB41} = {B685D216-F280-4DCF-9569-12443D66EF5E}
	EndGlobalSection
EndGlobal
